
Microsoft Visual Studio Solution File, Format Version 12.00
# Visual Studio Version 16
VisualStudioVersion = 16.0.30330.147
MinimumVisualStudioVersion = 10.0.40219.1
Project("{FAE04EC0-301F-11D3-BF4B-00C04F79EFBC}") = "Project", "Project\Project.csproj", "{636F3DDD-3FCD-4D99-986F-4B150357D713}"
EndProject
Project("{FAE04EC0-301F-11D3-BF4B-00C04F79EFBC}") = "Project_DAL", "Project_DAL\Project_DAL.csproj", "{8F2C9607-CEB4-427D-BF7B-0EA5D1DC3FAD}"
EndProject
Project("{FAE04EC0-301F-11D3-BF4B-00C04F79EFBC}") = "Project_Models1", "Project_Models1\Project_Models1.csproj", "{3C5644C5-BB72-4CAF-B8B4-B04153E29DAF}"
EndProject
Global
	GlobalSection(SolutionConfigurationPlatforms) = preSolution
		Debug|Any CPU = Debug|Any CPU
		Release|Any CPU = Release|Any CPU
	EndGlobalSection
	GlobalSection(ProjectConfigurationPlatforms) = postSolution
		{636F3DDD-3FCD-4D99-986F-4B150357D713}.Debug|Any CPU.ActiveCfg = Debug|Any CPU
		{636F3DDD-3FCD-4D99-986F-4B150357D713}.Debug|Any CPU.Build.0 = Debug|Any CPU
		{636F3DDD-3FCD-4D99-986F-4B150357D713}.Release|Any CPU.ActiveCfg = Release|Any CPU
		{636F3DDD-3FCD-4D99-986F-4B150357D713}.Release|Any CPU.Build.0 = Release|Any CPU
		{8F2C9607-CEB4-427D-BF7B-0EA5D1DC3FAD}.Debug|Any CPU.ActiveCfg = Debug|Any CPU
		{8F2C9607-CEB4-427D-BF7B-0EA5D1DC3FAD}.Debug|Any CPU.Build.0 = Debug|Any CPU
		{8F2C9607-CEB4-427D-BF7B-0EA5D1DC3FAD}.Release|Any CPU.ActiveCfg = Release|Any CPU
		{8F2C9607-CEB4-427D-BF7B-0EA5D1DC3FAD}.Release|Any CPU.Build.0 = Release|Any CPU
		{3C5644C5-BB72-4CAF-B8B4-B04153E29DAF}.Debug|Any CPU.ActiveCfg = Debug|Any CPU
		{3C5644C5-BB72-4CAF-B8B4-B04153E29DAF}.Debug|Any CPU.Build.0 = Debug|Any CPU
		{3C5644C5-BB72-4CAF-B8B4-B04153E29DAF}.Release|Any CPU.ActiveCfg = Release|Any CPU
		{3C5644C5-BB72-4CAF-B8B4-B04153E29DAF}.Release|Any CPU.Build.0 = Release|Any CPU
	EndGlobalSection
	GlobalSection(SolutionProperties) = preSolution
		HideSolutionNode = FALSE
	EndGlobalSection
	GlobalSection(ExtensibilityGlobals) = postSolution
		SolutionGuid = {0D477257-C594-4EC0-9B73-A3070C7FED95}
	EndGlobalSection
EndGlobal
